
Microsoft Visual Studio Solution File, Format Version 12.00
# Visual Studio Version 16
VisualStudioVersion = 16.0.32126.315
MinimumVisualStudioVersion = 10.0.40219.1
Project("{FAE04EC0-301F-11D3-BF4B-00C04F79EFBC}") = "MultiShop_BackEnd_project", "MultiShop_BackEnd_project\MultiShop_BackEnd_project.csproj", "{89529AF9-B7D6-4794-8205-2C662A258913}"
EndProject
Global
	GlobalSection(SolutionConfigurationPlatforms) = preSolution
		Debug|Any CPU = Debug|Any CPU
		Release|Any CPU = Release|Any CPU
	EndGlobalSection
	GlobalSection(ProjectConfigurationPlatforms) = postSolution
		{89529AF9-B7D6-4794-8205-2C662A258913}.Debug|Any CPU.ActiveCfg = Debug|Any CPU
		{89529AF9-B7D6-4794-8205-2C662A258913}.Debug|Any CPU.Build.0 = Debug|Any CPU
		{89529AF9-B7D6-4794-8205-2C662A258913}.Release|Any CPU.ActiveCfg = Release|Any CPU
		{89529AF9-B7D6-4794-8205-2C662A258913}.Release|Any CPU.Build.0 = Release|Any CPU
	EndGlobalSection
	GlobalSection(SolutionProperties) = preSolution
		HideSolutionNode = FALSE
	EndGlobalSection
	GlobalSection(ExtensibilityGlobals) = postSolution
		SolutionGuid = {E1DDC854-3717-4F19-A9BE-B8A1EA592BCC}
	EndGlobalSection
EndGlobal
